<?xml version="1.0" encoding="utf-8"?>
<Project ToolsVersion="4.0" xmlns="http://schemas.microsoft.com/developer/msbuild/2003">
  <ItemGroup>
    <Filter Include="Source Files">
      <UniqueIdentifier>{4FC737F1-C7A5-4376-A066-2A32D752A2FF}</UniqueIdentifier>
      <Extensions>cpp;c;cc;cxx;def;odl;idl;hpj;bat;asm;asmx</Extensions>
    </Filter>
    <Filter Include="Resource Files">
      <UniqueIdentifier>{67DA6AB6-F800-4c08-8B7A-83BB121AAD01}</UniqueIdentifier>
      <Extensions>rc;ico;cur;bmp;dlg;rc2;rct;bin;rgs;gif;jpg;jpeg;jpe;resx;tiff;tif;png;wav;mfcribbon-ms</Extensions>
    </Filter>
    <Filter Include="Dialog">
      <UniqueIdentifier>{2704e44d-12fc-4742-b002-7cfc1aaefccd}</UniqueIdentifier>
    </Filter>
    <Filter Include="Sort">
      <UniqueIdentifier>{d557034f-8f6b-450e-8beb-68d78195b400}</UniqueIdentifier>
    </Filter>
    <Filter Include="UISupport">
      <UniqueIdentifier>{957ea3b6-f370-4636-a9f7-ba271416395f}</UniqueIdentifier>
    </Filter>
    <Filter Include="Resource Files\Header Files">
      <UniqueIdentifier>{93995380-89BD-4b04-88EB-625FBE52EBFB}</UniqueIdentifier>
      <Extensions>h;hh;hpp;hxx;hm;inl;inc;ipp;xsd</Extensions>
    </Filter>
  </ItemGroup>
  <ItemGroup>
    <ClInclude Include="stdafx.h">
      <Filter>Resource Files\Header Files</Filter>
    </ClInclude>
    <ClInclude Include="targetver.h">
      <Filter>Resource Files\Header Files</Filter>
    </ClInclude>
    <ClInclude Include="Resource.h">
      <Filter>Resource Files\Header Files</Filter>
    </ClInclude>
    <ClInclude Include="SortDlg.h">
      <Filter>Dialog</Filter>
    </ClInclude>
    <ClInclude Include="SortApp.h">
      <Filter>Resource Files\Header Files</Filter>
    </ClInclude>
    <ClInclude Include="Sort.h">
      <Filter>Sort</Filter>
    </ClInclude>
    <ClInclude Include="UISupport.h">
      <Filter>UISupport</Filter>
    </ClInclude>
    <ClInclude Include="MFCSupport.h">
      <Filter>UISupport</Filter>
    </ClInclude>
    <ClInclude Include="BubbleSort.h">
      <Filter>Sort</Filter>
    </ClInclude>
    <ClInclude Include="RGB.h">
      <Filter>Resource Files\Header Files</Filter>
    </ClInclude>
    <ClInclude Include="QuickSort.h">
      <Filter>Sort</Filter>
    </ClInclude>
    <ClInclude Include="InsertSort.h">
      <Filter>Sort</Filter>
    </ClInclude>
    <ClInclude Include="HeapSort.h">
      <Filter>Sort</Filter>
    </ClInclude>
  </ItemGroup>
  <ItemGroup>
    <ClCompile Include="stdafx.cpp">
      <Filter>Source Files</Filter>
    </ClCompile>
    <ClCompile Include="SortDlg.cpp">
      <Filter>Dialog</Filter>
    </ClCompile>
    <ClCompile Include="SortApp.cpp">
      <Filter>Source Files</Filter>
    </ClCompile>
    <ClCompile Include="MFCSupport.cpp">
      <Filter>UISupport</Filter>
    </ClCompile>
    <ClCompile Include="MergeSort.h">
      <Filter>Sort</Filter>
    </ClCompile>
    <ClCompile Include="ShellSort.h">
      <Filter>Sort</Filter>
    </ClCompile>
  </ItemGroup>
  <ItemGroup>
    <ResourceCompile Include="Sort.rc">
      <Filter>Resource Files</Filter>
    </ResourceCompile>
  </ItemGroup>
  <ItemGroup>
    <None Include="res\Sort.rc2">
      <Filter>Resource Files</Filter>
    </None>
  </ItemGroup>
  <ItemGroup>
    <Image Include="res\Sort.ico">
      <Filter>Resource Files</Filter>
    </Image>
  </ItemGroup>
</Project>